
Microsoft Visual Studio Solution File, Format Version 12.00
# Visual Studio Version 17
VisualStudioVersion = 17.1.32210.238
MinimumVisualStudioVersion = 10.0.40219.1
Project("{FAE04EC0-301F-11D3-BF4B-00C04F79EFBC}") = "Control1", "Control1\Control1.csproj", "{9D2F62D8-4970-4447-BE7C-FFC2250A99FC}"
EndProject
Global
	GlobalSection(SolutionConfigurationPlatforms) = preSolution
		Debug|Any CPU = Debug|Any CPU
		Release|Any CPU = Release|Any CPU
	EndGlobalSection
	GlobalSection(ProjectConfigurationPlatforms) = postSolution
		{9D2F62D8-4970-4447-BE7C-FFC2250A99FC}.Debug|Any CPU.ActiveCfg = Debug|Any CPU
		{9D2F62D8-4970-4447-BE7C-FFC2250A99FC}.Debug|Any CPU.Build.0 = Debug|Any CPU
		{9D2F62D8-4970-4447-BE7C-FFC2250A99FC}.Release|Any CPU.ActiveCfg = Release|Any CPU
		{9D2F62D8-4970-4447-BE7C-FFC2250A99FC}.Release|Any CPU.Build.0 = Release|Any CPU
	EndGlobalSection
	GlobalSection(SolutionProperties) = preSolution
		HideSolutionNode = FALSE
	EndGlobalSection
	GlobalSection(ExtensibilityGlobals) = postSolution
		SolutionGuid = {041147C7-C016-4CBC-8293-A99A3023D546}
	EndGlobalSection
EndGlobal
